
Microsoft Visual Studio Solution File, Format Version 12.00
# Visual Studio Version 17
VisualStudioVersion = 17.0.31903.59
MinimumVisualStudioVersion = 10.0.40219.1
Project("{2150E333-8FDC-42A3-9474-1A3956D46DE8}") = "_SolutionItems", "_SolutionItems", "{2F9C066A-5888-4F92-81DD-B3CC6B2F2DCF}"
EndProject
Project("{2150E333-8FDC-42A3-9474-1A3956D46DE8}") = "Linting", "Linting", "{1218E311-598A-42F5-B854-EF963DFF641F}"
	ProjectSection(SolutionItems) = preProject
		.editorconfig = .editorconfig
		stylecop.json = stylecop.json
	EndProjectSection
EndProject
Project("{2150E333-8FDC-42A3-9474-1A3956D46DE8}") = "BuildProps", "BuildProps", "{38935F21-92D1-4D4D-BBB6-49A9A6C78797}"
	ProjectSection(SolutionItems) = preProject
		Directory.Build.props = Directory.Build.props
		Directory.Build.Tests.props.xml = Directory.Build.Tests.props.xml
	EndProjectSection
EndProject
Project("{2150E333-8FDC-42A3-9474-1A3956D46DE8}") = "Core", "Core", "{1E383B11-DBD6-43F0-90FA-2A56FD1AC169}"
EndProject
Project("{9A19103F-16F7-4668-BE54-9A1E7A4F7556}") = "Umbraco.Community.NestedContentConverter.Core", "Core\code\Umbraco.Community.NestedContentConverter.Core.csproj", "{8841DA90-539C-4722-88A2-C6D3476B033F}"
EndProject
Global
	GlobalSection(SolutionConfigurationPlatforms) = preSolution
		Debug|Any CPU = Debug|Any CPU
		Release|Any CPU = Release|Any CPU
	EndGlobalSection
	GlobalSection(ProjectConfigurationPlatforms) = postSolution
		{8841DA90-539C-4722-88A2-C6D3476B033F}.Debug|Any CPU.ActiveCfg = Debug|Any CPU
		{8841DA90-539C-4722-88A2-C6D3476B033F}.Debug|Any CPU.Build.0 = Debug|Any CPU
		{8841DA90-539C-4722-88A2-C6D3476B033F}.Release|Any CPU.ActiveCfg = Release|Any CPU
		{8841DA90-539C-4722-88A2-C6D3476B033F}.Release|Any CPU.Build.0 = Release|Any CPU
	EndGlobalSection
	GlobalSection(SolutionProperties) = preSolution
		HideSolutionNode = FALSE
	EndGlobalSection
	GlobalSection(NestedProjects) = preSolution
		{1218E311-598A-42F5-B854-EF963DFF641F} = {2F9C066A-5888-4F92-81DD-B3CC6B2F2DCF}
		{38935F21-92D1-4D4D-BBB6-49A9A6C78797} = {2F9C066A-5888-4F92-81DD-B3CC6B2F2DCF}
		{8841DA90-539C-4722-88A2-C6D3476B033F} = {1E383B11-DBD6-43F0-90FA-2A56FD1AC169}
	EndGlobalSection
	GlobalSection(ExtensibilityGlobals) = postSolution
		SolutionGuid = {96977299-E883-4C7A-BD9E-2FEF3FD122CB}
	EndGlobalSection
EndGlobal
